
Microsoft Visual Studio Solution File, Format Version 12.00
# Visual Studio Version 17
VisualStudioVersion = 17.0.31717.71
MinimumVisualStudioVersion = 10.0.40219.1
Project("{9A19103F-16F7-4668-BE54-9A1E7A4F7556}") = "OracleTask", "OracleTask\OracleTask.csproj", "{5F179EC0-C2F9-4B49-9B84-5734BC69838D}"
EndProject
Project("{FAE04EC0-301F-11D3-BF4B-00C04F79EFBC}") = "OracleTask.Data", "OracleTask.Data\OracleTask.Data.csproj", "{D3FD62EB-80D9-4FE9-8C5E-AF6BF759B588}"
EndProject
Project("{FAE04EC0-301F-11D3-BF4B-00C04F79EFBC}") = "OracleTask.Entity", "OracleTask.Entity\OracleTask.Entity.csproj", "{D08B685F-49F9-419E-A7E9-9EEB8333605E}"
EndProject
Global
	GlobalSection(SolutionConfigurationPlatforms) = preSolution
		Debug|Any CPU = Debug|Any CPU
		Release|Any CPU = Release|Any CPU
	EndGlobalSection
	GlobalSection(ProjectConfigurationPlatforms) = postSolution
		{5F179EC0-C2F9-4B49-9B84-5734BC69838D}.Debug|Any CPU.ActiveCfg = Debug|Any CPU
		{5F179EC0-C2F9-4B49-9B84-5734BC69838D}.Debug|Any CPU.Build.0 = Debug|Any CPU
		{5F179EC0-C2F9-4B49-9B84-5734BC69838D}.Release|Any CPU.ActiveCfg = Release|Any CPU
		{5F179EC0-C2F9-4B49-9B84-5734BC69838D}.Release|Any CPU.Build.0 = Release|Any CPU
		{D3FD62EB-80D9-4FE9-8C5E-AF6BF759B588}.Debug|Any CPU.ActiveCfg = Debug|Any CPU
		{D3FD62EB-80D9-4FE9-8C5E-AF6BF759B588}.Debug|Any CPU.Build.0 = Debug|Any CPU
		{D3FD62EB-80D9-4FE9-8C5E-AF6BF759B588}.Release|Any CPU.ActiveCfg = Release|Any CPU
		{D3FD62EB-80D9-4FE9-8C5E-AF6BF759B588}.Release|Any CPU.Build.0 = Release|Any CPU
		{D08B685F-49F9-419E-A7E9-9EEB8333605E}.Debug|Any CPU.ActiveCfg = Debug|Any CPU
		{D08B685F-49F9-419E-A7E9-9EEB8333605E}.Debug|Any CPU.Build.0 = Debug|Any CPU
		{D08B685F-49F9-419E-A7E9-9EEB8333605E}.Release|Any CPU.ActiveCfg = Release|Any CPU
		{D08B685F-49F9-419E-A7E9-9EEB8333605E}.Release|Any CPU.Build.0 = Release|Any CPU
	EndGlobalSection
	GlobalSection(SolutionProperties) = preSolution
		HideSolutionNode = FALSE
	EndGlobalSection
	GlobalSection(ExtensibilityGlobals) = postSolution
		SolutionGuid = {5B63931E-0E4A-4980-873C-2DB6001644D8}
	EndGlobalSection
EndGlobal
